# platform: linux-64; generic x86_64 CPU; glibc >=2.28
# Roots: python=3.11, pyscf>=2.7,<3, pyscf-dispersion=1.5, geometric>=1,<2
@EXPLICIT
https://conda.anaconda.org/conda-forge/noarch/_x86_64-microarch-level-1-3_x86_64.conda#5f9029eaa78eb13a5499b7a2b012a47a18136b2d41bad99bb7b1796d1fc2b179
https://conda.anaconda.org/conda-forge/noarch/ca-certificates-2026.7.22-hbd8a1cb_0.conda#0a0544cf95f64394fe4959286f5c71f5444ad58feb0602e53becb27448d24da6
https://conda.anaconda.org/conda-forge/linux-64/libgomp-16.2.0-he0feb66_7.conda#92a0bb350c7be6a4eedcb4e111c60aefd176018e6b1c009a6e025dbe9bbcd758
https://conda.anaconda.org/conda-forge/linux-64/libzlib-1.3.2-h25fd6f3_3.conda#eb8a0db0aa570124f7d2a93d7c7f596e3390df5e047818d873baad32985fc736
https://conda.anaconda.org/conda-forge/noarch/pybind11-abi-4-hd8ed1ab_3.tar.bz2#d4fb485b79b11042a16dc6abfb0c44c4f557707c2653ac47c81e5d32b24a3bb0
https://conda.anaconda.org/conda-forge/noarch/python_abi-3.11-9_cp311.conda#bcfbad269758f4617035314fe379ee655bc2d9db5282e7a00d61450b7cefa3cf
https://conda.anaconda.org/conda-forge/noarch/tzdata-2026c-h151e31d_0.conda#b928c30ddcb0e3f544c6eade8352737e6e610e263276b90232db6a578ef899d8
https://conda.anaconda.org/conda-forge/linux-64/_openmp_mutex-4.5-20_gnu.conda#1dd3fffd892081df9726d7eb7e0dea6198962ba775bd88842135a4ddb4deb3c9
https://conda.anaconda.org/conda-forge/linux-64/zstd-1.5.7-hb78ec9c_7.conda#47d682b9f6d6ec9eb1a6e6c3e75ea6273e899e78fb7fc59f81d39745009fbc60
https://conda.anaconda.org/conda-forge/linux-64/ld_impl_linux-64-2.46.1-default_hbd61a6d_102.conda#27d83f1188cd19bcb7754a078b3fa7f4cfb8527f8eb2fde54dd01fc529d1adec
https://conda.anaconda.org/conda-forge/linux-64/libgcc-16.2.0-ha9f2e26_7.conda#e031634c3a928f9594eba868bc46ef5230d6571a364a0c63215b06c4563bfcea
https://conda.anaconda.org/conda-forge/linux-64/aws-c-common-0.14.3-hb03c661_0.conda#8ea79f36d50ba90d7147fe1a047f9a7f2d33b114a3d4bacf1360cd8df43986e4
https://conda.anaconda.org/conda-forge/linux-64/bzip2-1.0.8-hda65f42_10.conda#1a0d382c515ebf55f8ee1f38c8b81bc95af5c2acc42ad53b66bc5df932032f96
https://conda.anaconda.org/conda-forge/linux-64/c-ares-1.34.8-hebe6cf0_2.conda#9c37cc233238adf366ea75b0e845662a5be07ceadf62e458183516369340274b
https://conda.anaconda.org/conda-forge/linux-64/keyutils-1.6.3-h7cc23a3_1.conda#dd053c96dcb0dcfd59422aefea9d2fe937a190167f34fba7893ec1e10a7e8963
https://conda.anaconda.org/conda-forge/linux-64/libcint-6.1.3-h64ba90f_2.conda#afa713c5f07f88e42a611b6f911a0e1fd57a0609f967ff23221314b42eee266f
https://conda.anaconda.org/conda-forge/linux-64/libev-4.33-h280c20c_3.conda#e4418f68d01a6307c4431b585c71b584f40189877364e542ee87deb777f5e85b
https://conda.anaconda.org/conda-forge/linux-64/libexpat-2.8.5-hd2095e1_0.conda#6de73033a7c5f712c9c5a54124e4581e025691029835e5bceaf10a333a7e7bc0
https://conda.anaconda.org/conda-forge/linux-64/libffi-3.7.0-h81df57d_1.conda#c8c7583ef063bc3c430f1d48298e5ad24f796a35c22ed5b14183325825a61106
https://conda.anaconda.org/conda-forge/linux-64/libgfortran5-16.2.0-h6b99dfc_7.conda#04dbab12c925b92977bb835dd2f5eda413607afa79f95a554e5a04b07a380322
https://conda.anaconda.org/conda-forge/linux-64/liblzma-5.8.3-hb03c661_1.conda#9787df8c22a59c9a70d3e5a10db9ad663485e75e9ccc3f09bd092cb7b95e0dab
https://conda.anaconda.org/conda-forge/linux-64/libnsl-2.0.1-hb9d3cd8_1.conda#927fe72b054277cde6cb82597d0fcf6baf127dcbce2e0a9d8925a68f1265eef5
https://conda.anaconda.org/conda-forge/linux-64/libsqlite-3.53.4-h0737f62_103.conda#66f4831f4ee3055f0ffe94e01901198cf3601e2c1b4f6b51d05c3f2d8557ce1d
https://conda.anaconda.org/conda-forge/linux-64/libstdcxx-16.2.0-h934c35e_7.conda#fa7018298629fc429971fffd6ecba3d27a7b02e4e890d6a93ea01ffebe8cb745
https://conda.anaconda.org/conda-forge/linux-64/libuuid-2.42.4-hcfc3c73_0.conda#f34b8d1de9a2bf62476d8608057d9b8a918d97444236dc53a47128f2fae79041
https://conda.anaconda.org/conda-forge/linux-64/libxc-c-7.1.2-cpu_h75f4f88_1.conda#b204274eb762cb9aae04b92fe8d20d5ce451362b897f9228565f9198e86924cf
https://conda.anaconda.org/conda-forge/linux-64/libxcrypt-4.4.38-h280c20c_0.conda#f7e9292dd219a6435bbb1223da9586c3e70d66d169c5a92f08db3f2127df04e9
https://conda.anaconda.org/conda-forge/linux-64/ncurses-6.6-hdb14827_1.conda#5d46557214ed184381dafe835b7c94a474a1c3b307a08a250b1ea4779b44ffb3
https://conda.anaconda.org/conda-forge/linux-64/openssl-3.6.5-h781a0a9_0.conda#9c1533f1cf784f0e250919c0c9762d0b0e6bc727a79290ffb7cea1ceca1d038c
https://conda.anaconda.org/conda-forge/linux-64/tk-8.6.13-noxft_h1df4ec4_4.conda#a1a241d172c1ccab067ba245206dd048bc3c2d1b84504b53c9468e99adfc16a1
https://conda.anaconda.org/conda-forge/linux-64/aws-c-cal-0.9.15-h6bbde05_1.conda#6eb21a0129e0aa7c6be733c7f2d1de6bc97a60c8382c1016f19dced722600d73
https://conda.anaconda.org/conda-forge/linux-64/aws-c-compression-0.3.2-h01ee8f8_5.conda#27f8581573c533a92a1a9619516ebb66d390b9923d296331985cfd342dc32d29
https://conda.anaconda.org/conda-forge/linux-64/aws-c-sdkutils-0.2.7-h01ee8f8_3.conda#b308c393a3db78cef29942c6b83ca7321f86d357fbb47504d59f55254601c87a
https://conda.anaconda.org/conda-forge/linux-64/aws-checksums-0.2.10-h01ee8f8_5.conda#f8d2cd9faccb273df739fc28431b484a90aca10027ef44f7fec1d4f0bd229a76
https://conda.anaconda.org/conda-forge/linux-64/libaec-1.1.5-h088129d_0.conda#822e4ae421a7e9c04e841323526321185f6659222325e1a9aedec811c686e688
https://conda.anaconda.org/conda-forge/linux-64/libedit-3.1.20260512-pl5321h373387f_0.conda#45301f14f4eb66da57cfaf2d265f3eeee73f8b07e99614ee3afc5b26eea91126
https://conda.anaconda.org/conda-forge/linux-64/libgfortran-16.2.0-h69a702a_7.conda#9682ae4dd11487e10b904b3cb3ab6379cad25233d45fdfdf90d54349df244494
https://conda.anaconda.org/conda-forge/linux-64/libnghttp2-1.68.1-h74cf4be_1.conda#11a2f54a6f391e25738bce0023e6ef499600147bbcf21c1fa69d2e251b03cc6a
https://conda.anaconda.org/conda-forge/linux-64/libpython-3.11.17-h0c77377_1_cpython.conda#bad3de581c5b9f193a3b43d634a47df3e90e6fb89ff712b5f6903920640e4a07
https://conda.anaconda.org/conda-forge/linux-64/libssh2-1.11.1-h6154650_1.conda#7e463000fa1cba3f3a6597b776f6ab301d425a96e3bc20d0d9d76a3b9f237aa3
https://conda.anaconda.org/conda-forge/linux-64/readline-8.3-hd6e31c0_1.conda#01b3fe073a66e321970d09e04b388708f8cbdca5cdfbfcb7c9eeb470ad10383d
https://conda.anaconda.org/conda-forge/linux-64/s2n-1.7.6-h7e3ee7f_0.conda#1e1ccc56fdf3fe82150b4eac1d626c806e612af208fbf40ce3abfe9a2eb2a626
https://conda.anaconda.org/conda-forge/linux-64/aws-c-io-0.27.5-h4f381ba_1.conda#76ab4eb6cae12e14244cb1fe11ecccc2f103f8ffa7e80e222099c6b16c19ae20
https://conda.anaconda.org/conda-forge/linux-64/krb5-1.22.2-hbc21106_2.conda#2a5c38c85e63df84c4e69ee71439841ce570d259ae3060627bb9a49a938d66f4
https://conda.anaconda.org/conda-forge/linux-64/libopenblas-0.3.34-pthreads_hf13c14d_2.conda#69a722751e14eab2eb3bfdcb9acb1187afbd962b0c49b48d829341e0f6787f60
https://conda.anaconda.org/conda-forge/linux-64/python-3.11.17-h5f976f7_1_cpython.conda#524df25896667b5f7e391c2115495cac5e0077b97967981091af8afcc98fd312
https://conda.anaconda.org/conda-forge/linux-64/aws-c-http-0.11.0-hbe094ff_5.conda#a4a5e24b398e7c0ef64de5a341ecb3f0fa87c2879177695c5d0bcbde0c4f8b5e
https://conda.anaconda.org/conda-forge/noarch/cached_property-2.0.1-pyhcf101f3_0.conda#4bd96dab5a434e4ee59fb6910cae704d4c5b453907d4886272a9943d37e42b6f
https://conda.anaconda.org/conda-forge/linux-64/libblas-3.11.0-11_h4a7cf45_openblas.conda#d942e0c820d60a613a6f786d074f0820fb6343e3f1ccfb110b1d98b44fb75968
https://conda.anaconda.org/conda-forge/linux-64/libcurl-8.21.0-hcf29cc6_1.conda#7d243f45a48f62cb8e3b871dd336137fe0fb90094a191756fb553508837f6338
https://conda.anaconda.org/conda-forge/noarch/networkx-3.6.1-pyhcf101f3_0.conda#f6a82172afc50e54741f6f84527ef10424326611503c64e359e25a19a8e4c1c6
https://conda.anaconda.org/conda-forge/noarch/packaging-26.3-pyhc364b38_0.conda#c432626b16768b8dab228bfb706f7060c2d462a21c516d240f68f2f902b5a044
https://conda.anaconda.org/conda-forge/noarch/setuptools-84.0.0-pyh332efcf_0.conda#9e200ee5f9ff19a4d94e4b51c4856d53dec849f91032f345cf0c6bc3d51a7183
https://conda.anaconda.org/conda-forge/noarch/six-1.17.0-pyhe01879c_1.conda#458227f759d5e3fcec5d9b7acce54e10c9e1f4f4b7ec978f3bfd54ce4ee9853d
https://conda.anaconda.org/conda-forge/linux-64/aws-c-auth-0.10.4-h4610da3_2.conda#0c92dc5ddf4edd4038a63adb79f9f0b03f61e9455ce3253b7d2cf708e06ff99e
https://conda.anaconda.org/conda-forge/noarch/cached-property-2.0.1-pyhcf101f3_0.conda#39358005c3cc44d8315ed79789b18a960d69365be979970cc6bae8f7a6177703
https://conda.anaconda.org/conda-forge/linux-64/libcblas-3.11.0-11_h0358290_openblas.conda#f7d1bbdea61cf94ba219d17b2cb571a29830f8025385af799bff5a7ad1ef45e6
https://conda.anaconda.org/conda-forge/linux-64/liblapack-3.11.0-11_h47877c9_openblas.conda#1ad3f43c9319ef398a8ef45989f4903a06e3965b51e77fc669a4c894168a8411
https://conda.anaconda.org/conda-forge/noarch/wheel-0.48.0-pyhd8ed1ab_0.conda#ba64b29b6d418024cb565081a1799262cb2780d2534ff4c14f76aa858c4286cd
https://conda.anaconda.org/conda-forge/linux-64/aws-c-s3-0.13.1-h7508075_1.conda#d24f7f34b3b564535b533b17176e71f71b6944aa2cb71813283bece139908d9f
https://conda.anaconda.org/conda-forge/linux-64/numpy-2.4.6-py311h2e04523_0.conda#8e8fb64c1a51282e8940d57d116aec54a4d66da59594973ae9c0b35d419b9a81
https://conda.anaconda.org/conda-forge/noarch/pip-26.2.1-pyh8b19718_0.conda#c205bae42eb11b364fe3663a817cbcbc20a8ef544c6b2ff6f391013487117259
https://conda.anaconda.org/conda-forge/linux-64/hdf5-2.2.0-nompi_hc529623_100.conda#786d126bfb33b923dd1341a92c2a3edd0ff5d0a71db8557fca9324ea4e93d677
https://conda.anaconda.org/conda-forge/linux-64/scipy-1.17.1-py311hbe70eeb_1.conda#3ae2ff1d1cc5930de2ca6ac03216118bdf13b2af6098e28e827f1ba25bfcbc4e
https://conda.anaconda.org/conda-forge/linux-64/xcfun-2.1.1-h3b8ed35_8.conda#ed3eaf79461d08ae1b98f81fffec32a27403848c9c8e9b07d669e71a4ae7db15
https://conda.anaconda.org/conda-forge/noarch/geometric-1.1.1-pyhd8ed1ab_0.conda#a598a35e19749a2ff0d8993a1bffe0dda3c056f2ed8f39517a55b3541bcbc7c0
https://conda.anaconda.org/conda-forge/linux-64/h5py-3.16.0-nompi_py311h73d0c7d_105.conda#b5e9775ae1b06d264188a787ba61e9b126fa33913dec9cc2d6588fd6fcce8453
https://conda.anaconda.org/conda-forge/linux-64/pyscf-2.14.0-py311hfb2229e_1102.conda#e2f6ea047bff0f7cfb15e1a71bc8134bc1a6fe6a536bffb0b57de59844857907
https://conda.anaconda.org/conda-forge/linux-64/pyscf-dispersion-1.5.0-py311h5df2867_0.conda#f86a53e0b00c0d607111fb1ad8fa771b93706a5102d850a2a6b0290f487db107
